// !$*UTF8*$!
{
	archiveVersion = 1;
	classes = {
	};
	objectVersion = 55;
	objects = {

/* Begin PBXBuildFile section */
		800410092860E1B600D50223 /* ShareDog.swift in Sources */ = {isa = PBXBuildFile; fileRef = 800410082860E1B600D50223 /* ShareDog.swift */; };
		8004100C2867920700D50223 /* SimpleToast in Frameworks */ = {isa = PBXBuildFile; productRef = 8004100B2867920700D50223 /* SimpleToast */; };
		803392E92868E86100550E17 /* Doggiz-ios in Resources */ = {isa = PBXBuildFile; fileRef = 803392E82868E86000550E17 /* Doggiz-ios */; };
		8072282028578ED900246A79 /* Doggiz_iosApp.swift in Sources */ = {isa = PBXBuildFile; fileRef = 8072281F28578ED900246A79 /* Doggiz_iosApp.swift */; };
		8072282228578ED900246A79 /* ContentView.swift in Sources */ = {isa = PBXBuildFile; fileRef = 8072282128578ED900246A79 /* ContentView.swift */; };
		8072282428578EDA00246A79 /* Assets.xcassets in Resources */ = {isa = PBXBuildFile; fileRef = 8072282328578EDA00246A79 /* Assets.xcassets */; };
		8072282728578EDA00246A79 /* Preview Assets.xcassets in Resources */ = {isa = PBXBuildFile; fileRef = 8072282628578EDA00246A79 /* Preview Assets.xcassets */; };
		8072282E2858E6A100246A79 /* PersonProfile.swift in Sources */ = {isa = PBXBuildFile; fileRef = 8072282D2858E6A100246A79 /* PersonProfile.swift */; };
		80722830285A2F8500246A79 /* CreateDog.swift in Sources */ = {isa = PBXBuildFile; fileRef = 8072282F285A2F8500246A79 /* CreateDog.swift */; };
		80722832285A2F9C00246A79 /* DogProfile.swift in Sources */ = {isa = PBXBuildFile; fileRef = 80722831285A2F9C00246A79 /* DogProfile.swift */; };
		80722834285B92BC00246A79 /* Register.swift in Sources */ = {isa = PBXBuildFile; fileRef = 80722833285B92BC00246A79 /* Register.swift */; };
		80722836285E265900246A79 /* GoogleService-Info.plist in Resources */ = {isa = PBXBuildFile; fileRef = 80722835285E265900246A79 /* GoogleService-Info.plist */; };
		80722839285E286C00246A79 /* FirebaseAnalytics in Frameworks */ = {isa = PBXBuildFile; productRef = 80722838285E286C00246A79 /* FirebaseAnalytics */; };
		8072283B285E286C00246A79 /* FirebaseAnalyticsOnDeviceConversion in Frameworks */ = {isa = PBXBuildFile; productRef = 8072283A285E286C00246A79 /* FirebaseAnalyticsOnDeviceConversion */; };
		8072283D285E286C00246A79 /* FirebaseAnalyticsSwift in Frameworks */ = {isa = PBXBuildFile; productRef = 8072283C285E286C00246A79 /* FirebaseAnalyticsSwift */; };
		8072283F285E286C00246A79 /* FirebaseAnalyticsWithoutAdIdSupport in Frameworks */ = {isa = PBXBuildFile; productRef = 8072283E285E286C00246A79 /* FirebaseAnalyticsWithoutAdIdSupport */; };
		80722841285E286C00246A79 /* FirebaseAppCheck in Frameworks */ = {isa = PBXBuildFile; productRef = 80722840285E286C00246A79 /* FirebaseAppCheck */; };
		80722843285E286C00246A79 /* FirebaseAppDistribution-Beta in Frameworks */ = {isa = PBXBuildFile; productRef = 80722842285E286C00246A79 /* FirebaseAppDistribution-Beta */; };
		80722845285E286C00246A79 /* FirebaseAuth in Frameworks */ = {isa = PBXBuildFile; productRef = 80722844285E286C00246A79 /* FirebaseAuth */; };
		80722847285E286C00246A79 /* FirebaseAuthCombine-Community in Frameworks */ = {isa = PBXBuildFile; productRef = 80722846285E286C00246A79 /* FirebaseAuthCombine-Community */; };
		80722849285E286C00246A79 /* FirebaseCrashlytics in Frameworks */ = {isa = PBXBuildFile; productRef = 80722848285E286C00246A79 /* FirebaseCrashlytics */; };
		8072284B285E286C00246A79 /* FirebaseDatabase in Frameworks */ = {isa = PBXBuildFile; productRef = 8072284A285E286C00246A79 /* FirebaseDatabase */; };
		8072284D285E286C00246A79 /* FirebaseDatabaseSwift in Frameworks */ = {isa = PBXBuildFile; productRef = 8072284C285E286C00246A79 /* FirebaseDatabaseSwift */; };
		8072284F285E286C00246A79 /* FirebaseDynamicLinks in Frameworks */ = {isa = PBXBuildFile; productRef = 8072284E285E286C00246A79 /* FirebaseDynamicLinks */; };
		80722851285E286C00246A79 /* FirebaseFirestore in Frameworks */ = {isa = PBXBuildFile; productRef = 80722850285E286C00246A79 /* FirebaseFirestore */; };
		80722853285E286C00246A79 /* FirebaseFirestoreCombine-Community in Frameworks */ = {isa = PBXBuildFile; productRef = 80722852285E286C00246A79 /* FirebaseFirestoreCombine-Community */; };
		80722855285E286C00246A79 /* FirebaseFirestoreSwift in Frameworks */ = {isa = PBXBuildFile; productRef = 80722854285E286C00246A79 /* FirebaseFirestoreSwift */; };
		80722857285E286C00246A79 /* FirebaseFunctions in Frameworks */ = {isa = PBXBuildFile; productRef = 80722856285E286C00246A79 /* FirebaseFunctions */; };
		80722859285E286C00246A79 /* FirebaseFunctionsCombine-Community in Frameworks */ = {isa = PBXBuildFile; productRef = 80722858285E286C00246A79 /* FirebaseFunctionsCombine-Community */; };
		8072285B285E286C00246A79 /* FirebaseInAppMessaging-Beta in Frameworks */ = {isa = PBXBuildFile; productRef = 8072285A285E286C00246A79 /* FirebaseInAppMessaging-Beta */; };
		8072285D285E286C00246A79 /* FirebaseInAppMessagingSwift-Beta in Frameworks */ = {isa = PBXBuildFile; productRef = 8072285C285E286C00246A79 /* FirebaseInAppMessagingSwift-Beta */; };
		8072285F285E286C00246A79 /* FirebaseInstallations in Frameworks */ = {isa = PBXBuildFile; productRef = 8072285E285E286C00246A79 /* FirebaseInstallations */; };
		80722861285E286C00246A79 /* FirebaseMLModelDownloader in Frameworks */ = {isa = PBXBuildFile; productRef = 80722860285E286C00246A79 /* FirebaseMLModelDownloader */; };
		80722863285E286C00246A79 /* FirebaseMessaging in Frameworks */ = {isa = PBXBuildFile; productRef = 80722862285E286C00246A79 /* FirebaseMessaging */; };
		80722865285E286C00246A79 /* FirebasePerformance in Frameworks */ = {isa = PBXBuildFile; productRef = 80722864285E286C00246A79 /* FirebasePerformance */; };
		80722867285E286C00246A79 /* FirebaseRemoteConfig in Frameworks */ = {isa = PBXBuildFile; productRef = 80722866285E286C00246A79 /* FirebaseRemoteConfig */; };
		80722869285E286C00246A79 /* FirebaseRemoteConfigSwift in Frameworks */ = {isa = PBXBuildFile; productRef = 80722868285E286C00246A79 /* FirebaseRemoteConfigSwift */; };
		8072286B285E286C00246A79 /* FirebaseStorage in Frameworks */ = {isa = PBXBuildFile; productRef = 8072286A285E286C00246A79 /* FirebaseStorage */; };
		8072286D285E286C00246A79 /* FirebaseStorageCombine-Community in Frameworks */ = {isa = PBXBuildFile; productRef = 8072286C285E286C00246A79 /* FirebaseStorageCombine-Community */; };
		80722873285F7A1700246A79 /* DataManager.swift in Sources */ = {isa = PBXBuildFile; fileRef = 80722872285F7A1700246A79 /* DataManager.swift */; };
		80722875285F856500246A79 /* Dog.swift in Sources */ = {isa = PBXBuildFile; fileRef = 80722874285F856500246A79 /* Dog.swift */; };
		80722879285F862F00246A79 /* Per.swift in Sources */ = {isa = PBXBuildFile; fileRef = 80722878285F862F00246A79 /* Per.swift */; };
/* End PBXBuildFile section */

/* Begin PBXFileReference section */
		800410082860E1B600D50223 /* ShareDog.swift */ = {isa = PBXFileReference; lastKnownFileType = sourcecode.swift; path = ShareDog.swift; sourceTree = "<group>"; };
		803392E82868E86000550E17 /* Doggiz-ios */ = {isa = PBXFileReference; lastKnownFileType = folder; name = "Doggiz-ios"; sourceTree = "<group>"; };
		8072281C28578ED900246A79 /* Doggiz-ios.app */ = {isa = PBXFileReference; explicitFileType = wrapper.application; includeInIndex = 0; path = "Doggiz-ios.app"; sourceTree = BUILT_PRODUCTS_DIR; };
		8072281F28578ED900246A79 /* Doggiz_iosApp.swift */ = {isa = PBXFileReference; lastKnownFileType = sourcecode.swift; path = Doggiz_iosApp.swift; sourceTree = "<group>"; };
		8072282128578ED900246A79 /* ContentView.swift */ = {isa = PBXFileReference; lastKnownFileType = sourcecode.swift; path = ContentView.swift; sourceTree = "<group>"; };
		8072282328578EDA00246A79 /* Assets.xcassets */ = {isa = PBXFileReference; lastKnownFileType = folder.assetcatalog; path = Assets.xcassets; sourceTree = "<group>"; };
		8072282628578EDA00246A79 /* Preview Assets.xcassets */ = {isa = PBXFileReference; lastKnownFileType = folder.assetcatalog; path = "Preview Assets.xcassets"; sourceTree = "<group>"; };
		8072282D2858E6A100246A79 /* PersonProfile.swift */ = {isa = PBXFileReference; lastKnownFileType = sourcecode.swift; path = PersonProfile.swift; sourceTree = "<group>"; };
		8072282F285A2F8500246A79 /* CreateDog.swift */ = {isa = PBXFileReference; lastKnownFileType = sourcecode.swift; path = CreateDog.swift; sourceTree = "<group>"; };
		80722831285A2F9C00246A79 /* DogProfile.swift */ = {isa = PBXFileReference; lastKnownFileType = sourcecode.swift; path = DogProfile.swift; sourceTree = "<group>"; };
		80722833285B92BC00246A79 /* Register.swift */ = {isa = PBXFileReference; lastKnownFileType = sourcecode.swift; path = Register.swift; sourceTree = "<group>"; };
		80722835285E265900246A79 /* GoogleService-Info.plist */ = {isa = PBXFileReference; fileEncoding = 4; lastKnownFileType = text.plist.xml; path = "GoogleService-Info.plist"; sourceTree = "<group>"; };
		80722872285F7A1700246A79 /* DataManager.swift */ = {isa = PBXFileReference; lastKnownFileType = sourcecode.swift; path = DataManager.swift; sourceTree = "<group>"; };
		80722874285F856500246A79 /* Dog.swift */ = {isa = PBXFileReference; lastKnownFileType = sourcecode.swift; path = Dog.swift; sourceTree = "<group>"; };
		80722878285F862F00246A79 /* Per.swift */ = {isa = PBXFileReference; lastKnownFileType = sourcecode.swift; path = Per.swift; sourceTree = "<group>"; };
/* End PBXFileReference section */

/* Begin PBXFrameworksBuildPhase section */
		8072281928578ED900246A79 /* Frameworks */ = {
			isa = PBXFrameworksBuildPhase;
			buildActionMask = 2147483647;
			files = (
				8072284B285E286C00246A79 /* FirebaseDatabase in Frameworks */,
				80722859285E286C00246A79 /* FirebaseFunctionsCombine-Community in Frameworks */,
				80722851285E286C00246A79 /* FirebaseFirestore in Frameworks */,
				8072283D285E286C00246A79 /* FirebaseAnalyticsSwift in Frameworks */,
				80722839285E286C00246A79 /* FirebaseAnalytics in Frameworks */,
				8072283B285E286C00246A79 /* FirebaseAnalyticsOnDeviceConversion in Frameworks */,
				80722861285E286C00246A79 /* FirebaseMLModelDownloader in Frameworks */,
				80722855285E286C00246A79 /* FirebaseFirestoreSwift in Frameworks */,
				80722841285E286C00246A79 /* FirebaseAppCheck in Frameworks */,
				8072283F285E286C00246A79 /* FirebaseAnalyticsWithoutAdIdSupport in Frameworks */,
				80722845285E286C00246A79 /* FirebaseAuth in Frameworks */,
				80722849285E286C00246A79 /* FirebaseCrashlytics in Frameworks */,
				8004100C2867920700D50223 /* SimpleToast in Frameworks */,
				80722869285E286C00246A79 /* FirebaseRemoteConfigSwift in Frameworks */,
				8072285B285E286C00246A79 /* FirebaseInAppMessaging-Beta in Frameworks */,
				8072284D285E286C00246A79 /* FirebaseDatabaseSwift in Frameworks */,
				80722857285E286C00246A79 /* FirebaseFunctions in Frameworks */,
				8072286D285E286C00246A79 /* FirebaseStorageCombine-Community in Frameworks */,
				80722867285E286C00246A79 /* FirebaseRemoteConfig in Frameworks */,
				80722843285E286C00246A79 /* FirebaseAppDistribution-Beta in Frameworks */,
				80722847285E286C00246A79 /* FirebaseAuthCombine-Community in Frameworks */,
				80722865285E286C00246A79 /* FirebasePerformance in Frameworks */,
				8072285D285E286C00246A79 /* FirebaseInAppMessagingSwift-Beta in Frameworks */,
				8072286B285E286C00246A79 /* FirebaseStorage in Frameworks */,
				8072284F285E286C00246A79 /* FirebaseDynamicLinks in Frameworks */,
				80722853285E286C00246A79 /* FirebaseFirestoreCombine-Community in Frameworks */,
				80722863285E286C00246A79 /* FirebaseMessaging in Frameworks */,
				8072285F285E286C00246A79 /* FirebaseInstallations in Frameworks */,
			);
			runOnlyForDeploymentPostprocessing = 0;
		};
/* End PBXFrameworksBuildPhase section */

/* Begin PBXGroup section */
		8072281328578ED900246A79 = {
			isa = PBXGroup;
			children = (
				8072281E28578ED900246A79 /* Doggiz-ios */,
				803392E82868E86000550E17 /* Doggiz-ios */,
				8072281D28578ED900246A79 /* Products */,
			);
			sourceTree = "<group>";
		};
		8072281D28578ED900246A79 /* Products */ = {
			isa = PBXGroup;
			children = (
				8072281C28578ED900246A79 /* Doggiz-ios.app */,
			);
			name = Products;
			sourceTree = "<group>";
		};
		8072281E28578ED900246A79 /* Doggiz-ios */ = {
			isa = PBXGroup;
			children = (
				8072281F28578ED900246A79 /* Doggiz_iosApp.swift */,
				80722835285E265900246A79 /* GoogleService-Info.plist */,
				8072282128578ED900246A79 /* ContentView.swift */,
				8072282D2858E6A100246A79 /* PersonProfile.swift */,
				8072282F285A2F8500246A79 /* CreateDog.swift */,
				80722831285A2F9C00246A79 /* DogProfile.swift */,
				80722833285B92BC00246A79 /* Register.swift */,
				80722874285F856500246A79 /* Dog.swift */,
				80722878285F862F00246A79 /* Per.swift */,
				80722872285F7A1700246A79 /* DataManager.swift */,
				800410082860E1B600D50223 /* ShareDog.swift */,
				8072282328578EDA00246A79 /* Assets.xcassets */,
				8072282528578EDA00246A79 /* Preview Content */,
			);
			path = "Doggiz-ios";
			sourceTree = "<group>";
		};
		8072282528578EDA00246A79 /* Preview Content */ = {
			isa = PBXGroup;
			children = (
				8072282628578EDA00246A79 /* Preview Assets.xcassets */,
			);
			path = "Preview Content";
			sourceTree = "<group>";
		};
/* End PBXGroup section */

/* Begin PBXNativeTarget section */
		8072281B28578ED900246A79 /* Doggiz-ios */ = {
			isa = PBXNativeTarget;
			buildConfigurationList = 8072282A28578EDA00246A79 /* Build configuration list for PBXNativeTarget "Doggiz-ios" */;
			buildPhases = (
				8072281828578ED900246A79 /* Sources */,
				8072281928578ED900246A79 /* Frameworks */,
				8072281A28578ED900246A79 /* Resources */,
			);
			buildRules = (
			);
			dependencies = (
			);
			name = "Doggiz-ios";
			packageProductDependencies = (
				80722838285E286C00246A79 /* FirebaseAnalytics */,
				8072283A285E286C00246A79 /* FirebaseAnalyticsOnDeviceConversion */,
				8072283C285E286C00246A79 /* FirebaseAnalyticsSwift */,
				8072283E285E286C00246A79 /* FirebaseAnalyticsWithoutAdIdSupport */,
				80722840285E286C00246A79 /* FirebaseAppCheck */,
				80722842285E286C00246A79 /* FirebaseAppDistribution-Beta */,
				80722844285E286C00246A79 /* FirebaseAuth */,
				80722846285E286C00246A79 /* FirebaseAuthCombine-Community */,
				80722848285E286C00246A79 /* FirebaseCrashlytics */,
				8072284A285E286C00246A79 /* FirebaseDatabase */,
				8072284C285E286C00246A79 /* FirebaseDatabaseSwift */,
				8072284E285E286C00246A79 /* FirebaseDynamicLinks */,
				80722850285E286C00246A79 /* FirebaseFirestore */,
				80722852285E286C00246A79 /* FirebaseFirestoreCombine-Community */,
				80722854285E286C00246A79 /* FirebaseFirestoreSwift */,
				80722856285E286C00246A79 /* FirebaseFunctions */,
				80722858285E286C00246A79 /* FirebaseFunctionsCombine-Community */,
				8072285A285E286C00246A79 /* FirebaseInAppMessaging-Beta */,
				8072285C285E286C00246A79 /* FirebaseInAppMessagingSwift-Beta */,
				8072285E285E286C00246A79 /* FirebaseInstallations */,
				80722860285E286C00246A79 /* FirebaseMLModelDownloader */,
				80722862285E286C00246A79 /* FirebaseMessaging */,
				80722864285E286C00246A79 /* FirebasePerformance */,
				80722866285E286C00246A79 /* FirebaseRemoteConfig */,
				80722868285E286C00246A79 /* FirebaseRemoteConfigSwift */,
				8072286A285E286C00246A79 /* FirebaseStorage */,
				8072286C285E286C00246A79 /* FirebaseStorageCombine-Community */,
				8004100B2867920700D50223 /* SimpleToast */,
			);
			productName = "Doggiz-ios";
			productReference = 8072281C28578ED900246A79 /* Doggiz-ios.app */;
			productType = "com.apple.product-type.application";
		};
/* End PBXNativeTarget section */

/* Begin PBXProject section */
		8072281428578ED900246A79 /* Project object */ = {
			isa = PBXProject;
			attributes = {
				BuildIndependentTargetsInParallel = 1;
				LastSwiftUpdateCheck = 1320;
				LastUpgradeCheck = 1320;
				TargetAttributes = {
					8072281B28578ED900246A79 = {
						CreatedOnToolsVersion = 13.2.1;
					};
				};
			};
			buildConfigurationList = 8072281728578ED900246A79 /* Build configuration list for PBXProject "Doggiz-ios" */;
			compatibilityVersion = "Xcode 13.0";
			developmentRegion = en;
			hasScannedForEncodings = 0;
			knownRegions = (
				en,
				Base,
			);
			mainGroup = 8072281328578ED900246A79;
			packageReferences = (
				80722837285E286C00246A79 /* XCRemoteSwiftPackageReference "firebase-ios-sdk" */,
				8004100A2867920700D50223 /* XCRemoteSwiftPackageReference "SimpleToast" */,
			);
			productRefGroup = 8072281D28578ED900246A79 /* Products */;
			projectDirPath = "";
			projectRoot = "";
			targets = (
				8072281B28578ED900246A79 /* Doggiz-ios */,
			);
		};
/* End PBXProject section */

/* Begin PBXResourcesBuildPhase section */
		8072281A28578ED900246A79 /* Resources */ = {
			isa = PBXResourcesBuildPhase;
			buildActionMask = 2147483647;
			files = (
				8072282728578EDA00246A79 /* Preview Assets.xcassets in Resources */,
				8072282428578EDA00246A79 /* Assets.xcassets in Resources */,
				803392E92868E86100550E17 /* Doggiz-ios in Resources */,
				80722836285E265900246A79 /* GoogleService-Info.plist in Resources */,
			);
			runOnlyForDeploymentPostprocessing = 0;
		};
/* End PBXResourcesBuildPhase section */

/* Begin PBXSourcesBuildPhase section */
		8072281828578ED900246A79 /* Sources */ = {
			isa = PBXSourcesBuildPhase;
			buildActionMask = 2147483647;
			files = (
				800410092860E1B600D50223 /* ShareDog.swift in Sources */,
				80722834285B92BC00246A79 /* Register.swift in Sources */,
				80722873285F7A1700246A79 /* DataManager.swift in Sources */,
				80722832285A2F9C00246A79 /* DogProfile.swift in Sources */,
				80722830285A2F8500246A79 /* CreateDog.swift in Sources */,
				8072282228578ED900246A79 /* ContentView.swift in Sources */,
				80722879285F862F00246A79 /* Per.swift in Sources */,
				80722875285F856500246A79 /* Dog.swift in Sources */,
				8072282028578ED900246A79 /* Doggiz_iosApp.swift in Sources */,
				8072282E2858E6A100246A79 /* PersonProfile.swift in Sources */,
			);
			runOnlyForDeploymentPostprocessing = 0;
		};
/* End PBXSourcesBuildPhase section */

/* Begin XCBuildConfiguration section */
		8072282828578EDA00246A79 /* Debug */ = {
			isa = XCBuildConfiguration;
			buildSettings = {
				ALWAYS_SEARCH_USER_PATHS = NO;
				CLANG_ANALYZER_NONNULL = YES;
				CLANG_ANALYZER_NUMBER_OBJECT_CONVERSION = YES_AGGRESSIVE;
				CLANG_CXX_LANGUAGE_STANDARD = "gnu++17";
				CLANG_CXX_LIBRARY = "libc++";
				CLANG_ENABLE_MODULES = YES;
				CLANG_ENABLE_OBJC_ARC = YES;
				CLANG_ENABLE_OBJC_WEAK = YES;
				CLANG_WARN_BLOCK_CAPTURE_AUTORELEASING = YES;
				CLANG_WARN_BOOL_CONVERSION = YES;
				CLANG_WARN_COMMA = YES;
				CLANG_WARN_CONSTANT_CONVERSION = YES;
				CLANG_WARN_DEPRECATED_OBJC_IMPLEMENTATIONS = YES;
				CLANG_WARN_DIRECT_OBJC_ISA_USAGE = YES_ERROR;
				CLANG_WARN_DOCUMENTATION_COMMENTS = YES;
				CLANG_WARN_EMPTY_BODY = YES;
				CLANG_WARN_ENUM_CONVERSION = YES;
				CLANG_WARN_INFINITE_RECURSION = YES;
				CLANG_WARN_INT_CONVERSION = YES;
				CLANG_WARN_NON_LITERAL_NULL_CONVERSION = YES;
				CLANG_WARN_OBJC_IMPLICIT_RETAIN_SELF = YES;
				CLANG_WARN_OBJC_LITERAL_CONVERSION = YES;
				CLANG_WARN_OBJC_ROOT_CLASS = YES_ERROR;
				CLANG_WARN_QUOTED_INCLUDE_IN_FRAMEWORK_HEADER = YES;
				CLANG_WARN_RANGE_LOOP_ANALYSIS = YES;
				CLANG_WARN_STRICT_PROTOTYPES = YES;
				CLANG_WARN_SUSPICIOUS_MOVE = YES;
				CLANG_WARN_UNGUARDED_AVAILABILITY = YES_AGGRESSIVE;
				CLANG_WARN_UNREACHABLE_CODE = YES;
				CLANG_WARN__DUPLICATE_METHOD_MATCH = YES;
				COPY_PHASE_STRIP = NO;
				DEBUG_INFORMATION_FORMAT = dwarf;
				ENABLE_STRICT_OBJC_MSGSEND = YES;
				ENABLE_TESTABILITY = YES;
				GCC_C_LANGUAGE_STANDARD = gnu11;
				GCC_DYNAMIC_NO_PIC = NO;
				GCC_NO_COMMON_BLOCKS = YES;
				GCC_OPTIMIZATION_LEVEL = 0;
				GCC_PREPROCESSOR_DEFINITIONS = (
					"DEBUG=1",
					"$(inherited)",
				);
				GCC_WARN_64_TO_32_BIT_CONVERSION = YES;
				GCC_WARN_ABOUT_RETURN_TYPE = YES_ERROR;
				GCC_WARN_UNDECLARED_SELECTOR = YES;
				GCC_WARN_UNINITIALIZED_AUTOS = YES_AGGRESSIVE;
				GCC_WARN_UNUSED_FUNCTION = YES;
				GCC_WARN_UNUSED_VARIABLE = YES;
				IPHONEOS_DEPLOYMENT_TARGET = 15.2;
				MTL_ENABLE_DEBUG_INFO = INCLUDE_SOURCE;
				MTL_FAST_MATH = YES;
				ONLY_ACTIVE_ARCH = YES;
				SDKROOT = iphoneos;
				SWIFT_ACTIVE_COMPILATION_CONDITIONS = DEBUG;
				SWIFT_OPTIMIZATION_LEVEL = "-Onone";
			};
			name = Debug;
		};
		8072282928578EDA00246A79 /* Release */ = {
			isa = XCBuildConfiguration;
			buildSettings = {
				ALWAYS_SEARCH_USER_PATHS = NO;
				CLANG_ANALYZER_NONNULL = YES;
				CLANG_ANALYZER_NUMBER_OBJECT_CONVERSION = YES_AGGRESSIVE;
				CLANG_CXX_LANGUAGE_STANDARD = "gnu++17";
				CLANG_CXX_LIBRARY = "libc++";
				CLANG_ENABLE_MODULES = YES;
				CLANG_ENABLE_OBJC_ARC = YES;
				CLANG_ENABLE_OBJC_WEAK = YES;
				CLANG_WARN_BLOCK_CAPTURE_AUTORELEASING = YES;
				CLANG_WARN_BOOL_CONVERSION = YES;
				CLANG_WARN_COMMA = YES;
				CLANG_WARN_CONSTANT_CONVERSION = YES;
				CLANG_WARN_DEPRECATED_OBJC_IMPLEMENTATIONS = YES;
				CLANG_WARN_DIRECT_OBJC_ISA_USAGE = YES_ERROR;
				CLANG_WARN_DOCUMENTATION_COMMENTS = YES;
				CLANG_WARN_EMPTY_BODY = YES;
				CLANG_WARN_ENUM_CONVERSION = YES;
				CLANG_WARN_INFINITE_RECURSION = YES;
				CLANG_WARN_INT_CONVERSION = YES;
				CLANG_WARN_NON_LITERAL_NULL_CONVERSION = YES;
				CLANG_WARN_OBJC_IMPLICIT_RETAIN_SELF = YES;
				CLANG_WARN_OBJC_LITERAL_CONVERSION = YES;
				CLANG_WARN_OBJC_ROOT_CLASS = YES_ERROR;
				CLANG_WARN_QUOTED_INCLUDE_IN_FRAMEWORK_HEADER = YES;
				CLANG_WARN_RANGE_LOOP_ANALYSIS = YES;
				CLANG_WARN_STRICT_PROTOTYPES = YES;
				CLANG_WARN_SUSPICIOUS_MOVE = YES;
				CLANG_WARN_UNGUARDED_AVAILABILITY = YES_AGGRESSIVE;
				CLANG_WARN_UNREACHABLE_CODE = YES;
				CLANG_WARN__DUPLICATE_METHOD_MATCH = YES;
				COPY_PHASE_STRIP = NO;
				DEBUG_INFORMATION_FORMAT = "dwarf-with-dsym";
				ENABLE_NS_ASSERTIONS = NO;
				ENABLE_STRICT_OBJC_MSGSEND = YES;
				GCC_C_LANGUAGE_STANDARD = gnu11;
				GCC_NO_COMMON_BLOCKS = YES;
				GCC_WARN_64_TO_32_BIT_CONVERSION = YES;
				GCC_WARN_ABOUT_RETURN_TYPE = YES_ERROR;
				GCC_WARN_UNDECLARED_SELECTOR = YES;
				GCC_WARN_UNINITIALIZED_AUTOS = YES_AGGRESSIVE;
				GCC_WARN_UNUSED_FUNCTION = YES;
				GCC_WARN_UNUSED_VARIABLE = YES;
				IPHONEOS_DEPLOYMENT_TARGET = 15.2;
				MTL_ENABLE_DEBUG_INFO = NO;
				MTL_FAST_MATH = YES;
				SDKROOT = iphoneos;
				SWIFT_COMPILATION_MODE = wholemodule;
				SWIFT_OPTIMIZATION_LEVEL = "-O";
				VALIDATE_PRODUCT = YES;
			};
			name = Release;
		};
		8072282B28578EDA00246A79 /* Debug */ = {
			isa = XCBuildConfiguration;
			buildSettings = {
				ASSETCATALOG_COMPILER_APPICON_NAME = AppIcon;
				ASSETCATALOG_COMPILER_GLOBAL_ACCENT_COLOR_NAME = AccentColor;
				CODE_SIGN_STYLE = Automatic;
				CURRENT_PROJECT_VERSION = 1;
				DEVELOPMENT_ASSET_PATHS = "\"Doggiz-ios/Preview Content\"";
				DEVELOPMENT_TEAM = 72GBK76KYD;
				ENABLE_PREVIEWS = YES;
				GENERATE_INFOPLIST_FILE = YES;
				INFOPLIST_KEY_UIApplicationSceneManifest_Generation = YES;
				INFOPLIST_KEY_UIApplicationSupportsIndirectInputEvents = YES;
				INFOPLIST_KEY_UILaunchScreen_Generation = YES;
				INFOPLIST_KEY_UISupportedInterfaceOrientations_iPad = "UIInterfaceOrientationPortrait UIInterfaceOrientationPortraitUpsideDown UIInterfaceOrientationLandscapeLeft UIInterfaceOrientationLandscapeRight";
				INFOPLIST_KEY_UISupportedInterfaceOrientations_iPhone = "UIInterfaceOrientationPortrait UIInterfaceOrientationLandscapeLeft UIInterfaceOrientationLandscapeRight";
				LD_RUNPATH_SEARCH_PATHS = (
					"$(inherited)",
					"@executable_path/Frameworks",
				);
				MARKETING_VERSION = 1.0;
				PRODUCT_BUNDLE_IDENTIFIER = "com.or.class1.Doggiz-ios";
				PRODUCT_NAME = "$(TARGET_NAME)";
				SWIFT_EMIT_LOC_STRINGS = YES;
				SWIFT_VERSION = 5.0;
				TARGETED_DEVICE_FAMILY = 1;
			};
			name = Debug;
		};
		8072282C28578EDA00246A79 /* Release */ = {
			isa = XCBuildConfiguration;
			buildSettings = {
				ASSETCATALOG_COMPILER_APPICON_NAME = AppIcon;
				ASSETCATALOG_COMPILER_GLOBAL_ACCENT_COLOR_NAME = AccentColor;
				CODE_SIGN_STYLE = Automatic;
				CURRENT_PROJECT_VERSION = 1;
				DEVELOPMENT_ASSET_PATHS = "\"Doggiz-ios/Preview Content\"";
				DEVELOPMENT_TEAM = 72GBK76KYD;
				ENABLE_PREVIEWS = YES;
				GENERATE_INFOPLIST_FILE = YES;
				INFOPLIST_KEY_UIApplicationSceneManifest_Generation = YES;
				INFOPLIST_KEY_UIApplicationSupportsIndirectInputEvents = YES;
				INFOPLIST_KEY_UILaunchScreen_Generation = YES;
				INFOPLIST_KEY_UISupportedInterfaceOrientations_iPad = "UIInterfaceOrientationPortrait UIInterfaceOrientationPortraitUpsideDown UIInterfaceOrientationLandscapeLeft UIInterfaceOrientationLandscapeRight";
				INFOPLIST_KEY_UISupportedInterfaceOrientations_iPhone = "UIInterfaceOrientationPortrait UIInterfaceOrientationLandscapeLeft UIInterfaceOrientationLandscapeRight";
				LD_RUNPATH_SEARCH_PATHS = (
					"$(inherited)",
					"@executable_path/Frameworks",
				);
				MARKETING_VERSION = 1.0;
				PRODUCT_BUNDLE_IDENTIFIER = "com.or.class1.Doggiz-ios";
				PRODUCT_NAME = "$(TARGET_NAME)";
				SWIFT_EMIT_LOC_STRINGS = YES;
				SWIFT_VERSION = 5.0;
				TARGETED_DEVICE_FAMILY = 1;
			};
			name = Release;
		};
/* End XCBuildConfiguration section */

/* Begin XCConfigurationList section */
		8072281728578ED900246A79 /* Build configuration list for PBXProject "Doggiz-ios" */ = {
			isa = XCConfigurationList;
			buildConfigurations = (
				8072282828578EDA00246A79 /* Debug */,
				8072282928578EDA00246A79 /* Release */,
			);
			defaultConfigurationIsVisible = 0;
			defaultConfigurationName = Release;
		};
		8072282A28578EDA00246A79 /* Build configuration list for PBXNativeTarget "Doggiz-ios" */ = {
			isa = XCConfigurationList;
			buildConfigurations = (
				8072282B28578EDA00246A79 /* Debug */,
				8072282C28578EDA00246A79 /* Release */,
			);
			defaultConfigurationIsVisible = 0;
			defaultConfigurationName = Release;
		};
/* End XCConfigurationList section */

/* Begin XCRemoteSwiftPackageReference section */
		8004100A2867920700D50223 /* XCRemoteSwiftPackageReference "SimpleToast" */ = {
			isa = XCRemoteSwiftPackageReference;
			repositoryURL = "https://github.com/sanzaru/SimpleToast";
			requirement = {
				kind = upToNextMajorVersion;
				minimumVersion = 0.6.2;
			};
		};
		80722837285E286C00246A79 /* XCRemoteSwiftPackageReference "firebase-ios-sdk" */ = {
			isa = XCRemoteSwiftPackageReference;
			repositoryURL = "https://github.com/firebase/firebase-ios-sdk";
			requirement = {
				kind = upToNextMajorVersion;
				minimumVersion = 9.0.0;
			};
		};
/* End XCRemoteSwiftPackageReference section */

/* Begin XCSwiftPackageProductDependency section */
		8004100B2867920700D50223 /* SimpleToast */ = {
			isa = XCSwiftPackageProductDependency;
			package = 8004100A2867920700D50223 /* XCRemoteSwiftPackageReference "SimpleToast" */;
			productName = SimpleToast;
		};
		80722838285E286C00246A79 /* FirebaseAnalytics */ = {
			isa = XCSwiftPackageProductDependency;
			package = 80722837285E286C00246A79 /* XCRemoteSwiftPackageReference "firebase-ios-sdk" */;
			productName = FirebaseAnalytics;
		};
		8072283A285E286C00246A79 /* FirebaseAnalyticsOnDeviceConversion */ = {
			isa = XCSwiftPackageProductDependency;
			package = 80722837285E286C00246A79 /* XCRemoteSwiftPackageReference "firebase-ios-sdk" */;
			productName = FirebaseAnalyticsOnDeviceConversion;
		};
		8072283C285E286C00246A79 /* FirebaseAnalyticsSwift */ = {
			isa = XCSwiftPackageProductDependency;
			package = 80722837285E286C00246A79 /* XCRemoteSwiftPackageReference "firebase-ios-sdk" */;
			productName = FirebaseAnalyticsSwift;
		};
		8072283E285E286C00246A79 /* FirebaseAnalyticsWithoutAdIdSupport */ = {
			isa = XCSwiftPackageProductDependency;
			package = 80722837285E286C00246A79 /* XCRemoteSwiftPackageReference "firebase-ios-sdk" */;
			productName = FirebaseAnalyticsWithoutAdIdSupport;
		};
		80722840285E286C00246A79 /* FirebaseAppCheck */ = {
			isa = XCSwiftPackageProductDependency;
			package = 80722837285E286C00246A79 /* XCRemoteSwiftPackageReference "firebase-ios-sdk" */;
			productName = FirebaseAppCheck;
		};
		80722842285E286C00246A79 /* FirebaseAppDistribution-Beta */ = {
			isa = XCSwiftPackageProductDependency;
			package = 80722837285E286C00246A79 /* XCRemoteSwiftPackageReference "firebase-ios-sdk" */;
			productName = "FirebaseAppDistribution-Beta";
		};
		80722844285E286C00246A79 /* FirebaseAuth */ = {
			isa = XCSwiftPackageProductDependency;
			package = 80722837285E286C00246A79 /* XCRemoteSwiftPackageReference "firebase-ios-sdk" */;
			productName = FirebaseAuth;
		};
		80722846285E286C00246A79 /* FirebaseAuthCombine-Community */ = {
			isa = XCSwiftPackageProductDependency;
			package = 80722837285E286C00246A79 /* XCRemoteSwiftPackageReference "firebase-ios-sdk" */;
			productName = "FirebaseAuthCombine-Community";
		};
		80722848285E286C00246A79 /* FirebaseCrashlytics */ = {
			isa = XCSwiftPackageProductDependency;
			package = 80722837285E286C00246A79 /* XCRemoteSwiftPackageReference "firebase-ios-sdk" */;
			productName = FirebaseCrashlytics;
		};
		8072284A285E286C00246A79 /* FirebaseDatabase */ = {
			isa = XCSwiftPackageProductDependency;
			package = 80722837285E286C00246A79 /* XCRemoteSwiftPackageReference "firebase-ios-sdk" */;
			productName = FirebaseDatabase;
		};
		8072284C285E286C00246A79 /* FirebaseDatabaseSwift */ = {
			isa = XCSwiftPackageProductDependency;
			package = 80722837285E286C00246A79 /* XCRemoteSwiftPackageReference "firebase-ios-sdk" */;
			productName = FirebaseDatabaseSwift;
		};
		8072284E285E286C00246A79 /* FirebaseDynamicLinks */ = {
			isa = XCSwiftPackageProductDependency;
			package = 80722837285E286C00246A79 /* XCRemoteSwiftPackageReference "firebase-ios-sdk" */;
			productName = FirebaseDynamicLinks;
		};
		80722850285E286C00246A79 /* FirebaseFirestore */ = {
			isa = XCSwiftPackageProductDependency;
			package = 80722837285E286C00246A79 /* XCRemoteSwiftPackageReference "firebase-ios-sdk" */;
			productName = FirebaseFirestore;
		};
		80722852285E286C00246A79 /* FirebaseFirestoreCombine-Community */ = {
			isa = XCSwiftPackageProductDependency;
			package = 80722837285E286C00246A79 /* XCRemoteSwiftPackageReference "firebase-ios-sdk" */;
			productName = "FirebaseFirestoreCombine-Community";
		};
		80722854285E286C00246A79 /* FirebaseFirestoreSwift */ = {
			isa = XCSwiftPackageProductDependency;
			package = 80722837285E286C00246A79 /* XCRemoteSwiftPackageReference "firebase-ios-sdk" */;
			productName = FirebaseFirestoreSwift;
		};
		80722856285E286C00246A79 /* FirebaseFunctions */ = {
			isa = XCSwiftPackageProductDependency;
			package = 80722837285E286C00246A79 /* XCRemoteSwiftPackageReference "firebase-ios-sdk" */;
			productName = FirebaseFunctions;
		};
		80722858285E286C00246A79 /* FirebaseFunctionsCombine-Community */ = {
			isa = XCSwiftPackageProductDependency;
			package = 80722837285E286C00246A79 /* XCRemoteSwiftPackageReference "firebase-ios-sdk" */;
			productName = "FirebaseFunctionsCombine-Community";
		};
		8072285A285E286C00246A79 /* FirebaseInAppMessaging-Beta */ = {
			isa = XCSwiftPackageProductDependency;
			package = 80722837285E286C00246A79 /* XCRemoteSwiftPackageReference "firebase-ios-sdk" */;
			productName = "FirebaseInAppMessaging-Beta";
		};
		8072285C285E286C00246A79 /* FirebaseInAppMessagingSwift-Beta */ = {
			isa = XCSwiftPackageProductDependency;
			package = 80722837285E286C00246A79 /* XCRemoteSwiftPackageReference "firebase-ios-sdk" */;
			productName = "FirebaseInAppMessagingSwift-Beta";
		};
		8072285E285E286C00246A79 /* FirebaseInstallations */ = {
			isa = XCSwiftPackageProductDependency;
			package = 80722837285E286C00246A79 /* XCRemoteSwiftPackageReference "firebase-ios-sdk" */;
			productName = FirebaseInstallations;
		};
		80722860285E286C00246A79 /* FirebaseMLModelDownloader */ = {
			isa = XCSwiftPackageProductDependency;
			package = 80722837285E286C00246A79 /* XCRemoteSwiftPackageReference "firebase-ios-sdk" */;
			productName = FirebaseMLModelDownloader;
		};
		80722862285E286C00246A79 /* FirebaseMessaging */ = {
			isa = XCSwiftPackageProductDependency;
			package = 80722837285E286C00246A79 /* XCRemoteSwiftPackageReference "firebase-ios-sdk" */;
			productName = FirebaseMessaging;
		};
		80722864285E286C00246A79 /* FirebasePerformance */ = {
			isa = XCSwiftPackageProductDependency;
			package = 80722837285E286C00246A79 /* XCRemoteSwiftPackageReference "firebase-ios-sdk" */;
			productName = FirebasePerformance;
		};
		80722866285E286C00246A79 /* FirebaseRemoteConfig */ = {
			isa = XCSwiftPackageProductDependency;
			package = 80722837285E286C00246A79 /* XCRemoteSwiftPackageReference "firebase-ios-sdk" */;
			productName = FirebaseRemoteConfig;
		};
		80722868285E286C00246A79 /* FirebaseRemoteConfigSwift */ = {
			isa = XCSwiftPackageProductDependency;
			package = 80722837285E286C00246A79 /* XCRemoteSwiftPackageReference "firebase-ios-sdk" */;
			productName = FirebaseRemoteConfigSwift;
		};
		8072286A285E286C00246A79 /* FirebaseStorage */ = {
			isa = XCSwiftPackageProductDependency;
			package = 80722837285E286C00246A79 /* XCRemoteSwiftPackageReference "firebase-ios-sdk" */;
			productName = FirebaseStorage;
		};
		8072286C285E286C00246A79 /* FirebaseStorageCombine-Community */ = {
			isa = XCSwiftPackageProductDependency;
			package = 80722837285E286C00246A79 /* XCRemoteSwiftPackageReference "firebase-ios-sdk" */;
			productName = "FirebaseStorageCombine-Community";
		};
/* End XCSwiftPackageProductDependency section */
	};
	rootObject = 8072281428578ED900246A79 /* Project object */;
}
